// !$*UTF8*$!
{
	archiveVersion = 1;
	classes = {
	};
	objectVersion = 56;
	objects = {

/* Begin PBXBuildFile section */
		F3A512FC2B4D386C00FA1757 /* AppDelegate.swift in Sources */ = {isa = PBXBuildFile; fileRef = F3A512FB2B4D386C00FA1757 /* AppDelegate.swift */; };
		F3A512FE2B4D386C00FA1757 /* SceneDelegate.swift in Sources */ = {isa = PBXBuildFile; fileRef = F3A512FD2B4D386C00FA1757 /* SceneDelegate.swift */; };
		F3A513002B4D386C00FA1757 /* ViewController.swift in Sources */ = {isa = PBXBuildFile; fileRef = F3A512FF2B4D386C00FA1757 /* ViewController.swift */; };
		F3A513032B4D386C00FA1757 /* Main.storyboard in Resources */ = {isa = PBXBuildFile; fileRef = F3A513012B4D386C00FA1757 /* Main.storyboard */; };
		F3A513052B4D386D00FA1757 /* Assets.xcassets in Resources */ = {isa = PBXBuildFile; fileRef = F3A513042B4D386D00FA1757 /* Assets.xcassets */; };
		F3A513082B4D386D00FA1757 /* LaunchScreen.storyboard in Resources */ = {isa = PBXBuildFile; fileRef = F3A513062B4D386D00FA1757 /* LaunchScreen.storyboard */; };
		F3A513102B4D3B5600FA1757 /* SettingTableViewController.swift in Sources */ = {isa = PBXBuildFile; fileRef = F3A5130F2B4D3B5600FA1757 /* SettingTableViewController.swift */; };
		F3A513122B4D3B6400FA1757 /* CitiesTableViewController.swift in Sources */ = {isa = PBXBuildFile; fileRef = F3A513112B4D3B6400FA1757 /* CitiesTableViewController.swift */; };
		F3A513142B4D400400FA1757 /* ChenYuluoyan-Thin-Monospaced.ttf in Resources */ = {isa = PBXBuildFile; fileRef = F3A513132B4D3F7800FA1757 /* ChenYuluoyan-Thin-Monospaced.ttf */; };
		F3A513162B4D50EF00FA1757 /* CupLevelTableViewController.swift in Sources */ = {isa = PBXBuildFile; fileRef = F3A513152B4D50EF00FA1757 /* CupLevelTableViewController.swift */; };
		F3A513182B4D510900FA1757 /* SurgarLevelTableViewController.swift in Sources */ = {isa = PBXBuildFile; fileRef = F3A513172B4D510900FA1757 /* SurgarLevelTableViewController.swift */; };
		F3A5131A2B4D512600FA1757 /* IceLevelTableViewController.swift in Sources */ = {isa = PBXBuildFile; fileRef = F3A513192B4D512600FA1757 /* IceLevelTableViewController.swift */; };
		F3A5131C2B4D514000FA1757 /* DrinksTableViewController.swift in Sources */ = {isa = PBXBuildFile; fileRef = F3A5131B2B4D514000FA1757 /* DrinksTableViewController.swift */; };
		F3A5131E2B4D580900FA1757 /* WD-XLLubrifontTC-Regular.otf in Resources */ = {isa = PBXBuildFile; fileRef = F3A5131D2B4D580500FA1757 /* WD-XLLubrifontTC-Regular.otf */; };
/* End PBXBuildFile section */

/* Begin PBXFileReference section */
		F3A512F82B4D386C00FA1757 /* phw19-4-unwindSegue.app */ = {isa = PBXFileReference; explicitFileType = wrapper.application; includeInIndex = 0; path = "phw19-4-unwindSegue.app"; sourceTree = BUILT_PRODUCTS_DIR; };
		F3A512FB2B4D386C00FA1757 /* AppDelegate.swift */ = {isa = PBXFileReference; lastKnownFileType = sourcecode.swift; path = AppDelegate.swift; sourceTree = "<group>"; };
		F3A512FD2B4D386C00FA1757 /* SceneDelegate.swift */ = {isa = PBXFileReference; lastKnownFileType = sourcecode.swift; path = SceneDelegate.swift; sourceTree = "<group>"; };
		F3A512FF2B4D386C00FA1757 /* ViewController.swift */ = {isa = PBXFileReference; lastKnownFileType = sourcecode.swift; path = ViewController.swift; sourceTree = "<group>"; };
		F3A513022B4D386C00FA1757 /* Base */ = {isa = PBXFileReference; lastKnownFileType = file.storyboard; name = Base; path = Base.lproj/Main.storyboard; sourceTree = "<group>"; };
		F3A513042B4D386D00FA1757 /* Assets.xcassets */ = {isa = PBXFileReference; lastKnownFileType = folder.assetcatalog; path = Assets.xcassets; sourceTree = "<group>"; };
		F3A513072B4D386D00FA1757 /* Base */ = {isa = PBXFileReference; lastKnownFileType = file.storyboard; name = Base; path = Base.lproj/LaunchScreen.storyboard; sourceTree = "<group>"; };
		F3A513092B4D386D00FA1757 /* Info.plist */ = {isa = PBXFileReference; lastKnownFileType = text.plist.xml; path = Info.plist; sourceTree = "<group>"; };
		F3A5130F2B4D3B5600FA1757 /* SettingTableViewController.swift */ = {isa = PBXFileReference; lastKnownFileType = sourcecode.swift; path = SettingTableViewController.swift; sourceTree = "<group>"; };
		F3A513112B4D3B6400FA1757 /* CitiesTableViewController.swift */ = {isa = PBXFileReference; lastKnownFileType = sourcecode.swift; path = CitiesTableViewController.swift; sourceTree = "<group>"; };
		F3A513132B4D3F7800FA1757 /* ChenYuluoyan-Thin-Monospaced.ttf */ = {isa = PBXFileReference; lastKnownFileType = file; path = "ChenYuluoyan-Thin-Monospaced.ttf"; sourceTree = "<group>"; };
		F3A513152B4D50EF00FA1757 /* CupLevelTableViewController.swift */ = {isa = PBXFileReference; lastKnownFileType = sourcecode.swift; path = CupLevelTableViewController.swift; sourceTree = "<group>"; };
		F3A513172B4D510900FA1757 /* SurgarLevelTableViewController.swift */ = {isa = PBXFileReference; lastKnownFileType = sourcecode.swift; path = SurgarLevelTableViewController.swift; sourceTree = "<group>"; };
		F3A513192B4D512600FA1757 /* IceLevelTableViewController.swift */ = {isa = PBXFileReference; lastKnownFileType = sourcecode.swift; path = IceLevelTableViewController.swift; sourceTree = "<group>"; };
		F3A5131B2B4D514000FA1757 /* DrinksTableViewController.swift */ = {isa = PBXFileReference; lastKnownFileType = sourcecode.swift; path = DrinksTableViewController.swift; sourceTree = "<group>"; };
		F3A5131D2B4D580500FA1757 /* WD-XLLubrifontTC-Regular.otf */ = {isa = PBXFileReference; lastKnownFileType = file; path = "WD-XLLubrifontTC-Regular.otf"; sourceTree = "<group>"; };
/* End PBXFileReference section */

/* Begin PBXFrameworksBuildPhase section */
		F3A512F52B4D386C00FA1757 /* Frameworks */ = {
			isa = PBXFrameworksBuildPhase;
			buildActionMask = 2147483647;
			files = (
			);
			runOnlyForDeploymentPostprocessing = 0;
		};
/* End PBXFrameworksBuildPhase section */

/* Begin PBXGroup section */
		F3A512EF2B4D386C00FA1757 = {
			isa = PBXGroup;
			children = (
				F3A512FA2B4D386C00FA1757 /* phw19-4-unwindSegue */,
				F3A512F92B4D386C00FA1757 /* Products */,
			);
			sourceTree = "<group>";
		};
		F3A512F92B4D386C00FA1757 /* Products */ = {
			isa = PBXGroup;
			children = (
				F3A512F82B4D386C00FA1757 /* phw19-4-unwindSegue.app */,
			);
			name = Products;
			sourceTree = "<group>";
		};
		F3A512FA2B4D386C00FA1757 /* phw19-4-unwindSegue */ = {
			isa = PBXGroup;
			children = (
				F3A512FB2B4D386C00FA1757 /* AppDelegate.swift */,
				F3A512FD2B4D386C00FA1757 /* SceneDelegate.swift */,
				F3A512FF2B4D386C00FA1757 /* ViewController.swift */,
				F3A513012B4D386C00FA1757 /* Main.storyboard */,
				F3A513042B4D386D00FA1757 /* Assets.xcassets */,
				F3A513062B4D386D00FA1757 /* LaunchScreen.storyboard */,
				F3A513092B4D386D00FA1757 /* Info.plist */,
				F3A5130F2B4D3B5600FA1757 /* SettingTableViewController.swift */,
				F3A513112B4D3B6400FA1757 /* CitiesTableViewController.swift */,
				F3A5131B2B4D514000FA1757 /* DrinksTableViewController.swift */,
				F3A513152B4D50EF00FA1757 /* CupLevelTableViewController.swift */,
				F3A513172B4D510900FA1757 /* SurgarLevelTableViewController.swift */,
				F3A513192B4D512600FA1757 /* IceLevelTableViewController.swift */,
				F3A513132B4D3F7800FA1757 /* ChenYuluoyan-Thin-Monospaced.ttf */,
				F3A5131D2B4D580500FA1757 /* WD-XLLubrifontTC-Regular.otf */,
			);
			path = "phw19-4-unwindSegue";
			sourceTree = "<group>";
		};
/* End PBXGroup section */

/* Begin PBXNativeTarget section */
		F3A512F72B4D386C00FA1757 /* phw19-4-unwindSegue */ = {
			isa = PBXNativeTarget;
			buildConfigurationList = F3A5130C2B4D386D00FA1757 /* Build configuration list for PBXNativeTarget "phw19-4-unwindSegue" */;
			buildPhases = (
				F3A512F42B4D386C00FA1757 /* Sources */,
				F3A512F52B4D386C00FA1757 /* Frameworks */,
				F3A512F62B4D386C00FA1757 /* Resources */,
			);
			buildRules = (
			);
			dependencies = (
			);
			name = "phw19-4-unwindSegue";
			productName = "phw19-4-unwindSegue";
			productReference = F3A512F82B4D386C00FA1757 /* phw19-4-unwindSegue.app */;
			productType = "com.apple.product-type.application";
		};
/* End PBXNativeTarget section */

/* Begin PBXProject section */
		F3A512F02B4D386C00FA1757 /* Project object */ = {
			isa = PBXProject;
			attributes = {
				BuildIndependentTargetsInParallel = 1;
				LastSwiftUpdateCheck = 1500;
				LastUpgradeCheck = 1500;
				TargetAttributes = {
					F3A512F72B4D386C00FA1757 = {
						CreatedOnToolsVersion = 15.0;
					};
				};
			};
			buildConfigurationList = F3A512F32B4D386C00FA1757 /* Build configuration list for PBXProject "phw19-4-unwindSegue" */;
			compatibilityVersion = "Xcode 14.0";
			developmentRegion = en;
			hasScannedForEncodings = 0;
			knownRegions = (
				en,
				Base,
			);
			mainGroup = F3A512EF2B4D386C00FA1757;
			productRefGroup = F3A512F92B4D386C00FA1757 /* Products */;
			projectDirPath = "";
			projectRoot = "";
			targets = (
				F3A512F72B4D386C00FA1757 /* phw19-4-unwindSegue */,
			);
		};
/* End PBXProject section */

/* Begin PBXResourcesBuildPhase section */
		F3A512F62B4D386C00FA1757 /* Resources */ = {
			isa = PBXResourcesBuildPhase;
			buildActionMask = 2147483647;
			files = (
				F3A513142B4D400400FA1757 /* ChenYuluoyan-Thin-Monospaced.ttf in Resources */,
				F3A513082B4D386D00FA1757 /* LaunchScreen.storyboard in Resources */,
				F3A513052B4D386D00FA1757 /* Assets.xcassets in Resources */,
				F3A5131E2B4D580900FA1757 /* WD-XLLubrifontTC-Regular.otf in Resources */,
				F3A513032B4D386C00FA1757 /* Main.storyboard in Resources */,
			);
			runOnlyForDeploymentPostprocessing = 0;
		};
/* End PBXResourcesBuildPhase section */

/* Begin PBXSourcesBuildPhase section */
		F3A512F42B4D386C00FA1757 /* Sources */ = {
			isa = PBXSourcesBuildPhase;
			buildActionMask = 2147483647;
			files = (
				F3A513122B4D3B6400FA1757 /* CitiesTableViewController.swift in Sources */,
				F3A513002B4D386C00FA1757 /* ViewController.swift in Sources */,
				F3A513102B4D3B5600FA1757 /* SettingTableViewController.swift in Sources */,
				F3A513162B4D50EF00FA1757 /* CupLevelTableViewController.swift in Sources */,
				F3A5131A2B4D512600FA1757 /* IceLevelTableViewController.swift in Sources */,
				F3A512FC2B4D386C00FA1757 /* AppDelegate.swift in Sources */,
				F3A513182B4D510900FA1757 /* SurgarLevelTableViewController.swift in Sources */,
				F3A5131C2B4D514000FA1757 /* DrinksTableViewController.swift in Sources */,
				F3A512FE2B4D386C00FA1757 /* SceneDelegate.swift in Sources */,
			);
			runOnlyForDeploymentPostprocessing = 0;
		};
/* End PBXSourcesBuildPhase section */

/* Begin PBXVariantGroup section */
		F3A513012B4D386C00FA1757 /* Main.storyboard */ = {
			isa = PBXVariantGroup;
			children = (
				F3A513022B4D386C00FA1757 /* Base */,
			);
			name = Main.storyboard;
			sourceTree = "<group>";
		};
		F3A513062B4D386D00FA1757 /* LaunchScreen.storyboard */ = {
			isa = PBXVariantGroup;
			children = (
				F3A513072B4D386D00FA1757 /* Base */,
			);
			name = LaunchScreen.storyboard;
			sourceTree = "<group>";
		};
/* End PBXVariantGroup section */

/* Begin XCBuildConfiguration section */
		F3A5130A2B4D386D00FA1757 /* Debug */ = {
			isa = XCBuildConfiguration;
			buildSettings = {
				ALWAYS_SEARCH_USER_PATHS = NO;
				ASSETCATALOG_COMPILER_GENERATE_SWIFT_ASSET_SYMBOL_EXTENSIONS = YES;
				CLANG_ANALYZER_NONNULL = YES;
				CLANG_ANALYZER_NUMBER_OBJECT_CONVERSION = YES_AGGRESSIVE;
				CLANG_CXX_LANGUAGE_STANDARD = "gnu++20";
				CLANG_ENABLE_MODULES = YES;
				CLANG_ENABLE_OBJC_ARC = YES;
				CLANG_ENABLE_OBJC_WEAK = YES;
				CLANG_WARN_BLOCK_CAPTURE_AUTORELEASING = YES;
				CLANG_WARN_BOOL_CONVERSION = YES;
				CLANG_WARN_COMMA = YES;
				CLANG_WARN_CONSTANT_CONVERSION = YES;
				CLANG_WARN_DEPRECATED_OBJC_IMPLEMENTATIONS = YES;
				CLANG_WARN_DIRECT_OBJC_ISA_USAGE = YES_ERROR;
				CLANG_WARN_DOCUMENTATION_COMMENTS = YES;
				CLANG_WARN_EMPTY_BODY = YES;
				CLANG_WARN_ENUM_CONVERSION = YES;
				CLANG_WARN_INFINITE_RECURSION = YES;
				CLANG_WARN_INT_CONVERSION = YES;
				CLANG_WARN_NON_LITERAL_NULL_CONVERSION = YES;
				CLANG_WARN_OBJC_IMPLICIT_RETAIN_SELF = YES;
				CLANG_WARN_OBJC_LITERAL_CONVERSION = YES;
				CLANG_WARN_OBJC_ROOT_CLASS = YES_ERROR;
				CLANG_WARN_QUOTED_INCLUDE_IN_FRAMEWORK_HEADER = YES;
				CLANG_WARN_RANGE_LOOP_ANALYSIS = YES;
				CLANG_WARN_STRICT_PROTOTYPES = YES;
				CLANG_WARN_SUSPICIOUS_MOVE = YES;
				CLANG_WARN_UNGUARDED_AVAILABILITY = YES_AGGRESSIVE;
				CLANG_WARN_UNREACHABLE_CODE = YES;
				CLANG_WARN__DUPLICATE_METHOD_MATCH = YES;
				COPY_PHASE_STRIP = NO;
				DEBUG_INFORMATION_FORMAT = dwarf;
				ENABLE_STRICT_OBJC_MSGSEND = YES;
				ENABLE_TESTABILITY = YES;
				ENABLE_USER_SCRIPT_SANDBOXING = YES;
				GCC_C_LANGUAGE_STANDARD = gnu17;
				GCC_DYNAMIC_NO_PIC = NO;
				GCC_NO_COMMON_BLOCKS = YES;
				GCC_OPTIMIZATION_LEVEL = 0;
				GCC_PREPROCESSOR_DEFINITIONS = (
					"DEBUG=1",
					"$(inherited)",
				);
				GCC_WARN_64_TO_32_BIT_CONVERSION = YES;
				GCC_WARN_ABOUT_RETURN_TYPE = YES_ERROR;
				GCC_WARN_UNDECLARED_SELECTOR = YES;
				GCC_WARN_UNINITIALIZED_AUTOS = YES_AGGRESSIVE;
				GCC_WARN_UNUSED_FUNCTION = YES;
				GCC_WARN_UNUSED_VARIABLE = YES;
				IPHONEOS_DEPLOYMENT_TARGET = 17.0;
				LOCALIZATION_PREFERS_STRING_CATALOGS = YES;
				MTL_ENABLE_DEBUG_INFO = INCLUDE_SOURCE;
				MTL_FAST_MATH = YES;
				ONLY_ACTIVE_ARCH = YES;
				SDKROOT = iphoneos;
				SWIFT_ACTIVE_COMPILATION_CONDITIONS = "DEBUG $(inherited)";
				SWIFT_OPTIMIZATION_LEVEL = "-Onone";
			};
			name = Debug;
		};
		F3A5130B2B4D386D00FA1757 /* Release */ = {
			isa = XCBuildConfiguration;
			buildSettings = {
				ALWAYS_SEARCH_USER_PATHS = NO;
				ASSETCATALOG_COMPILER_GENERATE_SWIFT_ASSET_SYMBOL_EXTENSIONS = YES;
				CLANG_ANALYZER_NONNULL = YES;
				CLANG_ANALYZER_NUMBER_OBJECT_CONVERSION = YES_AGGRESSIVE;
				CLANG_CXX_LANGUAGE_STANDARD = "gnu++20";
				CLANG_ENABLE_MODULES = YES;
				CLANG_ENABLE_OBJC_ARC = YES;
				CLANG_ENABLE_OBJC_WEAK = YES;
				CLANG_WARN_BLOCK_CAPTURE_AUTORELEASING = YES;
				CLANG_WARN_BOOL_CONVERSION = YES;
				CLANG_WARN_COMMA = YES;
				CLANG_WARN_CONSTANT_CONVERSION = YES;
				CLANG_WARN_DEPRECATED_OBJC_IMPLEMENTATIONS = YES;
				CLANG_WARN_DIRECT_OBJC_ISA_USAGE = YES_ERROR;
				CLANG_WARN_DOCUMENTATION_COMMENTS = YES;
				CLANG_WARN_EMPTY_BODY = YES;
				CLANG_WARN_ENUM_CONVERSION = YES;
				CLANG_WARN_INFINITE_RECURSION = YES;
				CLANG_WARN_INT_CONVERSION = YES;
				CLANG_WARN_NON_LITERAL_NULL_CONVERSION = YES;
				CLANG_WARN_OBJC_IMPLICIT_RETAIN_SELF = YES;
				CLANG_WARN_OBJC_LITERAL_CONVERSION = YES;
				CLANG_WARN_OBJC_ROOT_CLASS = YES_ERROR;
				CLANG_WARN_QUOTED_INCLUDE_IN_FRAMEWORK_HEADER = YES;
				CLANG_WARN_RANGE_LOOP_ANALYSIS = YES;
				CLANG_WARN_STRICT_PROTOTYPES = YES;
				CLANG_WARN_SUSPICIOUS_MOVE = YES;
				CLANG_WARN_UNGUARDED_AVAILABILITY = YES_AGGRESSIVE;
				CLANG_WARN_UNREACHABLE_CODE = YES;
				CLANG_WARN__DUPLICATE_METHOD_MATCH = YES;
				COPY_PHASE_STRIP = NO;
				DEBUG_INFORMATION_FORMAT = "dwarf-with-dsym";
				ENABLE_NS_ASSERTIONS = NO;
				ENABLE_STRICT_OBJC_MSGSEND = YES;
				ENABLE_USER_SCRIPT_SANDBOXING = YES;
				GCC_C_LANGUAGE_STANDARD = gnu17;
				GCC_NO_COMMON_BLOCKS = YES;
				GCC_WARN_64_TO_32_BIT_CONVERSION = YES;
				GCC_WARN_ABOUT_RETURN_TYPE = YES_ERROR;
				GCC_WARN_UNDECLARED_SELECTOR = YES;
				GCC_WARN_UNINITIALIZED_AUTOS = YES_AGGRESSIVE;
				GCC_WARN_UNUSED_FUNCTION = YES;
				GCC_WARN_UNUSED_VARIABLE = YES;
				IPHONEOS_DEPLOYMENT_TARGET = 17.0;
				LOCALIZATION_PREFERS_STRING_CATALOGS = YES;
				MTL_ENABLE_DEBUG_INFO = NO;
				MTL_FAST_MATH = YES;
				SDKROOT = iphoneos;
				SWIFT_COMPILATION_MODE = wholemodule;
				VALIDATE_PRODUCT = YES;
			};
			name = Release;
		};
		F3A5130D2B4D386D00FA1757 /* Debug */ = {
			isa = XCBuildConfiguration;
			buildSettings = {
				ASSETCATALOG_COMPILER_APPICON_NAME = AppIcon;
				ASSETCATALOG_COMPILER_GLOBAL_ACCENT_COLOR_NAME = AccentColor;
				CODE_SIGN_STYLE = Automatic;
				CURRENT_PROJECT_VERSION = 1;
				DEVELOPMENT_TEAM = 3266J6665X;
				GENERATE_INFOPLIST_FILE = YES;
				INFOPLIST_FILE = "phw19-4-unwindSegue/Info.plist";
				INFOPLIST_KEY_UIApplicationSupportsIndirectInputEvents = YES;
				INFOPLIST_KEY_UILaunchStoryboardName = LaunchScreen;
				INFOPLIST_KEY_UIMainStoryboardFile = Main;
				INFOPLIST_KEY_UISupportedInterfaceOrientations_iPad = "UIInterfaceOrientationPortrait UIInterfaceOrientationPortraitUpsideDown UIInterfaceOrientationLandscapeLeft UIInterfaceOrientationLandscapeRight";
				INFOPLIST_KEY_UISupportedInterfaceOrientations_iPhone = "UIInterfaceOrientationPortrait UIInterfaceOrientationLandscapeLeft UIInterfaceOrientationLandscapeRight";
				LD_RUNPATH_SEARCH_PATHS = (
					"$(inherited)",
					"@executable_path/Frameworks",
				);
				MARKETING_VERSION = 1.0;
				PRODUCT_BUNDLE_IDENTIFIER = "com.jasonhung.phw19-4-unwindSegue";
				PRODUCT_NAME = "$(TARGET_NAME)";
				SWIFT_EMIT_LOC_STRINGS = YES;
				SWIFT_VERSION = 5.0;
				TARGETED_DEVICE_FAMILY = "1,2";
			};
			name = Debug;
		};
		F3A5130E2B4D386D00FA1757 /* Release */ = {
			isa = XCBuildConfiguration;
			buildSettings = {
				ASSETCATALOG_COMPILER_APPICON_NAME = AppIcon;
				ASSETCATALOG_COMPILER_GLOBAL_ACCENT_COLOR_NAME = AccentColor;
				CODE_SIGN_STYLE = Automatic;
				CURRENT_PROJECT_VERSION = 1;
				DEVELOPMENT_TEAM = 3266J6665X;
				GENERATE_INFOPLIST_FILE = YES;
				INFOPLIST_FILE = "phw19-4-unwindSegue/Info.plist";
				INFOPLIST_KEY_UIApplicationSupportsIndirectInputEvents = YES;
				INFOPLIST_KEY_UILaunchStoryboardName = LaunchScreen;
				INFOPLIST_KEY_UIMainStoryboardFile = Main;
				INFOPLIST_KEY_UISupportedInterfaceOrientations_iPad = "UIInterfaceOrientationPortrait UIInterfaceOrientationPortraitUpsideDown UIInterfaceOrientationLandscapeLeft UIInterfaceOrientationLandscapeRight";
				INFOPLIST_KEY_UISupportedInterfaceOrientations_iPhone = "UIInterfaceOrientationPortrait UIInterfaceOrientationLandscapeLeft UIInterfaceOrientationLandscapeRight";
				LD_RUNPATH_SEARCH_PATHS = (
					"$(inherited)",
					"@executable_path/Frameworks",
				);
				MARKETING_VERSION = 1.0;
				PRODUCT_BUNDLE_IDENTIFIER = "com.jasonhung.phw19-4-unwindSegue";
				PRODUCT_NAME = "$(TARGET_NAME)";
				SWIFT_EMIT_LOC_STRINGS = YES;
				SWIFT_VERSION = 5.0;
				TARGETED_DEVICE_FAMILY = "1,2";
			};
			name = Release;
		};
/* End XCBuildConfiguration section */

/* Begin XCConfigurationList section */
		F3A512F32B4D386C00FA1757 /* Build configuration list for PBXProject "phw19-4-unwindSegue" */ = {
			isa = XCConfigurationList;
			buildConfigurations = (
				F3A5130A2B4D386D00FA1757 /* Debug */,
				F3A5130B2B4D386D00FA1757 /* Release */,
			);
			defaultConfigurationIsVisible = 0;
			defaultConfigurationName = Release;
		};
		F3A5130C2B4D386D00FA1757 /* Build configuration list for PBXNativeTarget "phw19-4-unwindSegue" */ = {
			isa = XCConfigurationList;
			buildConfigurations = (
				F3A5130D2B4D386D00FA1757 /* Debug */,
				F3A5130E2B4D386D00FA1757 /* Release */,
			);
			defaultConfigurationIsVisible = 0;
			defaultConfigurationName = Release;
		};
/* End XCConfigurationList section */
	};
	rootObject = F3A512F02B4D386C00FA1757 /* Project object */;
}
